// !$*UTF8*$!
{
	archiveVersion = 1;
	classes = {
	};
	objectVersion = 51;
	objects = {

/* Begin PBXBuildFile section */
		07CC99C14B177D2240949CA8 /* Pods_FeatureList.framework in Frameworks */ = {isa = PBXBuildFile; fileRef = 6FEF455F48071997FE64511F /* Pods_FeatureList.framework */; };
		120C2A8925ADAEA50038AFF6 /* AppDelegate.swift in Sources */ = {isa = PBXBuildFile; fileRef = 120C2A8825ADAEA50038AFF6 /* AppDelegate.swift */; };
		120C2A9225ADAEA60038AFF6 /* Assets.xcassets in Resources */ = {isa = PBXBuildFile; fileRef = 120C2A9125ADAEA60038AFF6 /* Assets.xcassets */; };
		120C2A9525ADAEA60038AFF6 /* LaunchScreen.storyboard in Resources */ = {isa = PBXBuildFile; fileRef = 120C2A9325ADAEA60038AFF6 /* LaunchScreen.storyboard */; };
		120C2AA825ADAFB60038AFF6 /* ViewConfiguration.swift in Sources */ = {isa = PBXBuildFile; fileRef = 120C2AA725ADAFB60038AFF6 /* ViewConfiguration.swift */; };
		120C2AAB25ADB0E60038AFF6 /* FeatureListView.swift in Sources */ = {isa = PBXBuildFile; fileRef = 120C2AAA25ADB0E60038AFF6 /* FeatureListView.swift */; };
		120C2AAE25ADB1E10038AFF6 /* FeatureListCell.swift in Sources */ = {isa = PBXBuildFile; fileRef = 120C2AAD25ADB1E10038AFF6 /* FeatureListCell.swift */; };
		120C2AB125ADB33C0038AFF6 /* FeatureListController.swift in Sources */ = {isa = PBXBuildFile; fileRef = 120C2AB025ADB33C0038AFF6 /* FeatureListController.swift */; };
		120C2AB425ADB49A0038AFF6 /* FeatureListModel.swift in Sources */ = {isa = PBXBuildFile; fileRef = 120C2AB325ADB49A0038AFF6 /* FeatureListModel.swift */; };
		120C2AB825ADB5280038AFF6 /* FeatureListViewModel.swift in Sources */ = {isa = PBXBuildFile; fileRef = 120C2AB725ADB5270038AFF6 /* FeatureListViewModel.swift */; };
		1271E46D25AF1F4E0063D0C1 /* CustomPaymentProcessor.swift in Sources */ = {isa = PBXBuildFile; fileRef = 1271E46C25AF1F4E0063D0C1 /* CustomPaymentProcessor.swift */; };
/* End PBXBuildFile section */

/* Begin PBXFileReference section */
		120C2A8525ADAEA50038AFF6 /* FeatureList.app */ = {isa = PBXFileReference; explicitFileType = wrapper.application; includeInIndex = 0; path = FeatureList.app; sourceTree = BUILT_PRODUCTS_DIR; };
		120C2A8825ADAEA50038AFF6 /* AppDelegate.swift */ = {isa = PBXFileReference; lastKnownFileType = sourcecode.swift; path = AppDelegate.swift; sourceTree = "<group>"; };
		120C2A9125ADAEA60038AFF6 /* Assets.xcassets */ = {isa = PBXFileReference; lastKnownFileType = folder.assetcatalog; path = Assets.xcassets; sourceTree = "<group>"; };
		120C2A9425ADAEA60038AFF6 /* Base */ = {isa = PBXFileReference; lastKnownFileType = file.storyboard; name = Base; path = Base.lproj/LaunchScreen.storyboard; sourceTree = "<group>"; };
		120C2A9625ADAEA60038AFF6 /* Info.plist */ = {isa = PBXFileReference; lastKnownFileType = text.plist.xml; path = Info.plist; sourceTree = "<group>"; };
		120C2AA725ADAFB60038AFF6 /* ViewConfiguration.swift */ = {isa = PBXFileReference; lastKnownFileType = sourcecode.swift; path = ViewConfiguration.swift; sourceTree = "<group>"; };
		120C2AAA25ADB0E60038AFF6 /* FeatureListView.swift */ = {isa = PBXFileReference; lastKnownFileType = sourcecode.swift; path = FeatureListView.swift; sourceTree = "<group>"; };
		120C2AAD25ADB1E10038AFF6 /* FeatureListCell.swift */ = {isa = PBXFileReference; lastKnownFileType = sourcecode.swift; path = FeatureListCell.swift; sourceTree = "<group>"; };
		120C2AB025ADB33C0038AFF6 /* FeatureListController.swift */ = {isa = PBXFileReference; lastKnownFileType = sourcecode.swift; path = FeatureListController.swift; sourceTree = "<group>"; };
		120C2AB325ADB49A0038AFF6 /* FeatureListModel.swift */ = {isa = PBXFileReference; lastKnownFileType = sourcecode.swift; path = FeatureListModel.swift; sourceTree = "<group>"; };
		120C2AB725ADB5270038AFF6 /* FeatureListViewModel.swift */ = {isa = PBXFileReference; lastKnownFileType = sourcecode.swift; path = FeatureListViewModel.swift; sourceTree = "<group>"; };
		1271E46C25AF1F4E0063D0C1 /* CustomPaymentProcessor.swift */ = {isa = PBXFileReference; lastKnownFileType = sourcecode.swift; path = CustomPaymentProcessor.swift; sourceTree = "<group>"; };
		3763F3054341358D6F5D1D01 /* Pods-FeatureList.debug.xcconfig */ = {isa = PBXFileReference; includeInIndex = 1; lastKnownFileType = text.xcconfig; name = "Pods-FeatureList.debug.xcconfig"; path = "Target Support Files/Pods-FeatureList/Pods-FeatureList.debug.xcconfig"; sourceTree = "<group>"; };
		5E9BCACB8901A32590318081 /* Pods-FeatureList.release.xcconfig */ = {isa = PBXFileReference; includeInIndex = 1; lastKnownFileType = text.xcconfig; name = "Pods-FeatureList.release.xcconfig"; path = "Target Support Files/Pods-FeatureList/Pods-FeatureList.release.xcconfig"; sourceTree = "<group>"; };
		6FEF455F48071997FE64511F /* Pods_FeatureList.framework */ = {isa = PBXFileReference; explicitFileType = wrapper.framework; includeInIndex = 0; path = Pods_FeatureList.framework; sourceTree = BUILT_PRODUCTS_DIR; };
/* End PBXFileReference section */

/* Begin PBXFrameworksBuildPhase section */
		120C2A8225ADAEA50038AFF6 /* Frameworks */ = {
			isa = PBXFrameworksBuildPhase;
			buildActionMask = 2147483647;
			files = (
				07CC99C14B177D2240949CA8 /* Pods_FeatureList.framework in Frameworks */,
			);
			runOnlyForDeploymentPostprocessing = 0;
		};
/* End PBXFrameworksBuildPhase section */

/* Begin PBXGroup section */
		120C2A7C25ADAEA50038AFF6 = {
			isa = PBXGroup;
			children = (
				120C2A8725ADAEA50038AFF6 /* FeatureList */,
				120C2A8625ADAEA50038AFF6 /* Products */,
				849CA8CBB9B7A8C236C6932E /* Pods */,
				F89748150F851348314D6A21 /* Frameworks */,
			);
			sourceTree = "<group>";
		};
		120C2A8625ADAEA50038AFF6 /* Products */ = {
			isa = PBXGroup;
			children = (
				120C2A8525ADAEA50038AFF6 /* FeatureList.app */,
			);
			name = Products;
			sourceTree = "<group>";
		};
		120C2A8725ADAEA50038AFF6 /* FeatureList */ = {
			isa = PBXGroup;
			children = (
				120C2A8825ADAEA50038AFF6 /* AppDelegate.swift */,
				120C2AA625ADAF9F0038AFF6 /* Helpers */,
				120C2AA425ADAF7B0038AFF6 /* Modules */,
				120C2A9125ADAEA60038AFF6 /* Assets.xcassets */,
				120C2A9325ADAEA60038AFF6 /* LaunchScreen.storyboard */,
				120C2A9625ADAEA60038AFF6 /* Info.plist */,
			);
			path = FeatureList;
			sourceTree = "<group>";
		};
		120C2AA425ADAF7B0038AFF6 /* Modules */ = {
			isa = PBXGroup;
			children = (
				120C2AA525ADAF8C0038AFF6 /* FeatureList */,
				1271E46B25AF1F250063D0C1 /* SupportPod */,
			);
			path = Modules;
			sourceTree = "<group>";
		};
		120C2AA525ADAF8C0038AFF6 /* FeatureList */ = {
			isa = PBXGroup;
			children = (
				120C2AAA25ADB0E60038AFF6 /* FeatureListView.swift */,
				120C2AAD25ADB1E10038AFF6 /* FeatureListCell.swift */,
				120C2AB025ADB33C0038AFF6 /* FeatureListController.swift */,
				120C2AB325ADB49A0038AFF6 /* FeatureListModel.swift */,
				120C2AB725ADB5270038AFF6 /* FeatureListViewModel.swift */,
			);
			path = FeatureList;
			sourceTree = "<group>";
		};
		120C2AA625ADAF9F0038AFF6 /* Helpers */ = {
			isa = PBXGroup;
			children = (
				120C2AA725ADAFB60038AFF6 /* ViewConfiguration.swift */,
			);
			path = Helpers;
			sourceTree = "<group>";
		};
		1271E46B25AF1F250063D0C1 /* SupportPod */ = {
			isa = PBXGroup;
			children = (
				1271E46C25AF1F4E0063D0C1 /* CustomPaymentProcessor.swift */,
			);
			path = SupportPod;
			sourceTree = "<group>";
		};
		849CA8CBB9B7A8C236C6932E /* Pods */ = {
			isa = PBXGroup;
			children = (
				3763F3054341358D6F5D1D01 /* Pods-FeatureList.debug.xcconfig */,
				5E9BCACB8901A32590318081 /* Pods-FeatureList.release.xcconfig */,
			);
			path = Pods;
			sourceTree = "<group>";
		};
		F89748150F851348314D6A21 /* Frameworks */ = {
			isa = PBXGroup;
			children = (
				6FEF455F48071997FE64511F /* Pods_FeatureList.framework */,
			);
			name = Frameworks;
			sourceTree = "<group>";
		};
/* End PBXGroup section */

/* Begin PBXNativeTarget section */
		120C2A8425ADAEA50038AFF6 /* FeatureList */ = {
			isa = PBXNativeTarget;
			buildConfigurationList = 120C2A9925ADAEA60038AFF6 /* Build configuration list for PBXNativeTarget "FeatureList" */;
			buildPhases = (
				BAE8C46AC71D1E9AF07D3FC5 /* [CP] Check Pods Manifest.lock */,
				120C2A8125ADAEA50038AFF6 /* Sources */,
				120C2A8225ADAEA50038AFF6 /* Frameworks */,
				120C2A8325ADAEA50038AFF6 /* Resources */,
				27A5A888D813B96AEC417DD2 /* [CP] Embed Pods Frameworks */,
				3F1206EC07C5E2FAAA4EBE72 /* [CP] Copy Pods Resources */,
			);
			buildRules = (
			);
			dependencies = (
			);
			name = FeatureList;
			productName = FeatureList;
			productReference = 120C2A8525ADAEA50038AFF6 /* FeatureList.app */;
			productType = "com.apple.product-type.application";
		};
/* End PBXNativeTarget section */

/* Begin PBXProject section */
		120C2A7D25ADAEA50038AFF6 /* Project object */ = {
			isa = PBXProject;
			attributes = {
				LastSwiftUpdateCheck = 1230;
				LastUpgradeCheck = 1230;
				TargetAttributes = {
					120C2A8425ADAEA50038AFF6 = {
						CreatedOnToolsVersion = 12.3;
					};
				};
			};
			buildConfigurationList = 120C2A8025ADAEA50038AFF6 /* Build configuration list for PBXProject "FeatureList" */;
			compatibilityVersion = "Xcode 9.3";
			developmentRegion = en;
			hasScannedForEncodings = 0;
			knownRegions = (
				en,
				Base,
			);
			mainGroup = 120C2A7C25ADAEA50038AFF6;
			productRefGroup = 120C2A8625ADAEA50038AFF6 /* Products */;
			projectDirPath = "";
			projectRoot = "";
			targets = (
				120C2A8425ADAEA50038AFF6 /* FeatureList */,
			);
		};
/* End PBXProject section */

/* Begin PBXResourcesBuildPhase section */
		120C2A8325ADAEA50038AFF6 /* Resources */ = {
			isa = PBXResourcesBuildPhase;
			buildActionMask = 2147483647;
			files = (
				120C2A9525ADAEA60038AFF6 /* LaunchScreen.storyboard in Resources */,
				120C2A9225ADAEA60038AFF6 /* Assets.xcassets in Resources */,
			);
			runOnlyForDeploymentPostprocessing = 0;
		};
/* End PBXResourcesBuildPhase section */

/* Begin PBXShellScriptBuildPhase section */
		27A5A888D813B96AEC417DD2 /* [CP] Embed Pods Frameworks */ = {
			isa = PBXShellScriptBuildPhase;
			buildActionMask = 2147483647;
			files = (
			);
			inputFileListPaths = (
				"${PODS_ROOT}/Target Support Files/Pods-FeatureList/Pods-FeatureList-frameworks-${CONFIGURATION}-input-files.xcfilelist",
			);
			name = "[CP] Embed Pods Frameworks";
			outputFileListPaths = (
				"${PODS_ROOT}/Target Support Files/Pods-FeatureList/Pods-FeatureList-frameworks-${CONFIGURATION}-output-files.xcfilelist",
			);
			runOnlyForDeploymentPostprocessing = 0;
			shellPath = /bin/sh;
			shellScript = "\"${PODS_ROOT}/Target Support Files/Pods-FeatureList/Pods-FeatureList-frameworks.sh\"\n";
			showEnvVarsInLog = 0;
		};
		3F1206EC07C5E2FAAA4EBE72 /* [CP] Copy Pods Resources */ = {
			isa = PBXShellScriptBuildPhase;
			buildActionMask = 2147483647;
			files = (
			);
			inputFileListPaths = (
				"${PODS_ROOT}/Target Support Files/Pods-FeatureList/Pods-FeatureList-resources-${CONFIGURATION}-input-files.xcfilelist",
			);
			name = "[CP] Copy Pods Resources";
			outputFileListPaths = (
				"${PODS_ROOT}/Target Support Files/Pods-FeatureList/Pods-FeatureList-resources-${CONFIGURATION}-output-files.xcfilelist",
			);
			runOnlyForDeploymentPostprocessing = 0;
			shellPath = /bin/sh;
			shellScript = "\"${PODS_ROOT}/Target Support Files/Pods-FeatureList/Pods-FeatureList-resources.sh\"\n";
			showEnvVarsInLog = 0;
		};
		BAE8C46AC71D1E9AF07D3FC5 /* [CP] Check Pods Manifest.lock */ = {
			isa = PBXShellScriptBuildPhase;
			buildActionMask = 2147483647;
			files = (
			);
			inputFileListPaths = (
			);
			inputPaths = (
				"${PODS_PODFILE_DIR_PATH}/Podfile.lock",
				"${PODS_ROOT}/Manifest.lock",
			);
			name = "[CP] Check Pods Manifest.lock";
			outputFileListPaths = (
			);
			outputPaths = (
				"$(DERIVED_FILE_DIR)/Pods-FeatureList-checkManifestLockResult.txt",
			);
			runOnlyForDeploymentPostprocessing = 0;
			shellPath = /bin/sh;
			shellScript = "diff \"${PODS_PODFILE_DIR_PATH}/Podfile.lock\" \"${PODS_ROOT}/Manifest.lock\" > /dev/null\nif [ $? != 0 ] ; then\n    # print error to STDERR\n    echo \"error: The sandbox is not in sync with the Podfile.lock. Run 'pod install' or update your CocoaPods installation.\" >&2\n    exit 1\nfi\n# This output is used by Xcode 'outputs' to avoid re-running this script phase.\necho \"SUCCESS\" > \"${SCRIPT_OUTPUT_FILE_0}\"\n";
			showEnvVarsInLog = 0;
		};
/* End PBXShellScriptBuildPhase section */

/* Begin PBXSourcesBuildPhase section */
		120C2A8125ADAEA50038AFF6 /* Sources */ = {
			isa = PBXSourcesBuildPhase;
			buildActionMask = 2147483647;
			files = (
				1271E46D25AF1F4E0063D0C1 /* CustomPaymentProcessor.swift in Sources */,
				120C2AAE25ADB1E10038AFF6 /* FeatureListCell.swift in Sources */,
				120C2AAB25ADB0E60038AFF6 /* FeatureListView.swift in Sources */,
				120C2AB425ADB49A0038AFF6 /* FeatureListModel.swift in Sources */,
				120C2AB125ADB33C0038AFF6 /* FeatureListController.swift in Sources */,
				120C2A8925ADAEA50038AFF6 /* AppDelegate.swift in Sources */,
				120C2AA825ADAFB60038AFF6 /* ViewConfiguration.swift in Sources */,
				120C2AB825ADB5280038AFF6 /* FeatureListViewModel.swift in Sources */,
			);
			runOnlyForDeploymentPostprocessing = 0;
		};
/* End PBXSourcesBuildPhase section */

/* Begin PBXVariantGroup section */
		120C2A9325ADAEA60038AFF6 /* LaunchScreen.storyboard */ = {
			isa = PBXVariantGroup;
			children = (
				120C2A9425ADAEA60038AFF6 /* Base */,
			);
			name = LaunchScreen.storyboard;
			sourceTree = "<group>";
		};
/* End PBXVariantGroup section */

/* Begin XCBuildConfiguration section */
		120C2A9725ADAEA60038AFF6 /* Debug */ = {
			isa = XCBuildConfiguration;
			buildSettings = {
				ALWAYS_SEARCH_USER_PATHS = NO;
				CLANG_ANALYZER_NONNULL = YES;
				CLANG_ANALYZER_NUMBER_OBJECT_CONVERSION = YES_AGGRESSIVE;
				CLANG_CXX_LANGUAGE_STANDARD = "gnu++14";
				CLANG_CXX_LIBRARY = "libc++";
				CLANG_ENABLE_MODULES = YES;
				CLANG_ENABLE_OBJC_ARC = YES;
				CLANG_ENABLE_OBJC_WEAK = YES;
				CLANG_WARN_BLOCK_CAPTURE_AUTORELEASING = YES;
				CLANG_WARN_BOOL_CONVERSION = YES;
				CLANG_WARN_COMMA = YES;
				CLANG_WARN_CONSTANT_CONVERSION = YES;
				CLANG_WARN_DEPRECATED_OBJC_IMPLEMENTATIONS = YES;
				CLANG_WARN_DIRECT_OBJC_ISA_USAGE = YES_ERROR;
				CLANG_WARN_DOCUMENTATION_COMMENTS = YES;
				CLANG_WARN_EMPTY_BODY = YES;
				CLANG_WARN_ENUM_CONVERSION = YES;
				CLANG_WARN_INFINITE_RECURSION = YES;
				CLANG_WARN_INT_CONVERSION = YES;
				CLANG_WARN_NON_LITERAL_NULL_CONVERSION = YES;
				CLANG_WARN_OBJC_IMPLICIT_RETAIN_SELF = YES;
				CLANG_WARN_OBJC_LITERAL_CONVERSION = YES;
				CLANG_WARN_OBJC_ROOT_CLASS = YES_ERROR;
				CLANG_WARN_QUOTED_INCLUDE_IN_FRAMEWORK_HEADER = YES;
				CLANG_WARN_RANGE_LOOP_ANALYSIS = YES;
				CLANG_WARN_STRICT_PROTOTYPES = YES;
				CLANG_WARN_SUSPICIOUS_MOVE = YES;
				CLANG_WARN_UNGUARDED_AVAILABILITY = YES_AGGRESSIVE;
				CLANG_WARN_UNREACHABLE_CODE = YES;
				CLANG_WARN__DUPLICATE_METHOD_MATCH = YES;
				COPY_PHASE_STRIP = NO;
				DEBUG_INFORMATION_FORMAT = dwarf;
				ENABLE_STRICT_OBJC_MSGSEND = YES;
				ENABLE_TESTABILITY = YES;
				GCC_C_LANGUAGE_STANDARD = gnu11;
				GCC_DYNAMIC_NO_PIC = NO;
				GCC_NO_COMMON_BLOCKS = YES;
				GCC_OPTIMIZATION_LEVEL = 0;
				GCC_PREPROCESSOR_DEFINITIONS = (
					"DEBUG=1",
					"$(inherited)",
				);
				GCC_WARN_64_TO_32_BIT_CONVERSION = YES;
				GCC_WARN_ABOUT_RETURN_TYPE = YES_ERROR;
				GCC_WARN_UNDECLARED_SELECTOR = YES;
				GCC_WARN_UNINITIALIZED_AUTOS = YES_AGGRESSIVE;
				GCC_WARN_UNUSED_FUNCTION = YES;
				GCC_WARN_UNUSED_VARIABLE = YES;
				IPHONEOS_DEPLOYMENT_TARGET = 14.3;
				MTL_ENABLE_DEBUG_INFO = INCLUDE_SOURCE;
				MTL_FAST_MATH = YES;
				ONLY_ACTIVE_ARCH = YES;
				SDKROOT = iphoneos;
				SWIFT_ACTIVE_COMPILATION_CONDITIONS = DEBUG;
				SWIFT_OPTIMIZATION_LEVEL = "-Onone";
			};
			name = Debug;
		};
		120C2A9825ADAEA60038AFF6 /* Release */ = {
			isa = XCBuildConfiguration;
			buildSettings = {
				ALWAYS_SEARCH_USER_PATHS = NO;
				CLANG_ANALYZER_NONNULL = YES;
				CLANG_ANALYZER_NUMBER_OBJECT_CONVERSION = YES_AGGRESSIVE;
				CLANG_CXX_LANGUAGE_STANDARD = "gnu++14";
				CLANG_CXX_LIBRARY = "libc++";
				CLANG_ENABLE_MODULES = YES;
				CLANG_ENABLE_OBJC_ARC = YES;
				CLANG_ENABLE_OBJC_WEAK = YES;
				CLANG_WARN_BLOCK_CAPTURE_AUTORELEASING = YES;
				CLANG_WARN_BOOL_CONVERSION = YES;
				CLANG_WARN_COMMA = YES;
				CLANG_WARN_CONSTANT_CONVERSION = YES;
				CLANG_WARN_DEPRECATED_OBJC_IMPLEMENTATIONS = YES;
				CLANG_WARN_DIRECT_OBJC_ISA_USAGE = YES_ERROR;
				CLANG_WARN_DOCUMENTATION_COMMENTS = YES;
				CLANG_WARN_EMPTY_BODY = YES;
				CLANG_WARN_ENUM_CONVERSION = YES;
				CLANG_WARN_INFINITE_RECURSION = YES;
				CLANG_WARN_INT_CONVERSION = YES;
				CLANG_WARN_NON_LITERAL_NULL_CONVERSION = YES;
				CLANG_WARN_OBJC_IMPLICIT_RETAIN_SELF = YES;
				CLANG_WARN_OBJC_LITERAL_CONVERSION = YES;
				CLANG_WARN_OBJC_ROOT_CLASS = YES_ERROR;
				CLANG_WARN_QUOTED_INCLUDE_IN_FRAMEWORK_HEADER = YES;
				CLANG_WARN_RANGE_LOOP_ANALYSIS = YES;
				CLANG_WARN_STRICT_PROTOTYPES = YES;
				CLANG_WARN_SUSPICIOUS_MOVE = YES;
				CLANG_WARN_UNGUARDED_AVAILABILITY = YES_AGGRESSIVE;
				CLANG_WARN_UNREACHABLE_CODE = YES;
				CLANG_WARN__DUPLICATE_METHOD_MATCH = YES;
				COPY_PHASE_STRIP = NO;
				DEBUG_INFORMATION_FORMAT = "dwarf-with-dsym";
				ENABLE_NS_ASSERTIONS = NO;
				ENABLE_STRICT_OBJC_MSGSEND = YES;
				GCC_C_LANGUAGE_STANDARD = gnu11;
				GCC_NO_COMMON_BLOCKS = YES;
				GCC_WARN_64_TO_32_BIT_CONVERSION = YES;
				GCC_WARN_ABOUT_RETURN_TYPE = YES_ERROR;
				GCC_WARN_UNDECLARED_SELECTOR = YES;
				GCC_WARN_UNINITIALIZED_AUTOS = YES_AGGRESSIVE;
				GCC_WARN_UNUSED_FUNCTION = YES;
				GCC_WARN_UNUSED_VARIABLE = YES;
				IPHONEOS_DEPLOYMENT_TARGET = 14.3;
				MTL_ENABLE_DEBUG_INFO = NO;
				MTL_FAST_MATH = YES;
				SDKROOT = iphoneos;
				SWIFT_COMPILATION_MODE = wholemodule;
				SWIFT_OPTIMIZATION_LEVEL = "-O";
				VALIDATE_PRODUCT = YES;
			};
			name = Release;
		};
		120C2A9A25ADAEA60038AFF6 /* Debug */ = {
			isa = XCBuildConfiguration;
			baseConfigurationReference = 3763F3054341358D6F5D1D01 /* Pods-FeatureList.debug.xcconfig */;
			buildSettings = {
				ASSETCATALOG_COMPILER_APPICON_NAME = AppIcon;
				ASSETCATALOG_COMPILER_GLOBAL_ACCENT_COLOR_NAME = AccentColor;
				CODE_SIGN_STYLE = Automatic;
				DEVELOPMENT_TEAM = ZKHK2T4C5A;
				INFOPLIST_FILE = FeatureList/Info.plist;
				LD_RUNPATH_SEARCH_PATHS = (
					"$(inherited)",
					"@executable_path/Frameworks",
				);
				PRODUCT_BUNDLE_IDENTIFIER = PX.FeatureList;
				PRODUCT_NAME = "$(TARGET_NAME)";
				SWIFT_VERSION = 5.0;
				TARGETED_DEVICE_FAMILY = "1,2";
			};
			name = Debug;
		};
		120C2A9B25ADAEA60038AFF6 /* Release */ = {
			isa = XCBuildConfiguration;
			baseConfigurationReference = 5E9BCACB8901A32590318081 /* Pods-FeatureList.release.xcconfig */;
			buildSettings = {
				ASSETCATALOG_COMPILER_APPICON_NAME = AppIcon;
				ASSETCATALOG_COMPILER_GLOBAL_ACCENT_COLOR_NAME = AccentColor;
				CODE_SIGN_STYLE = Automatic;
				DEVELOPMENT_TEAM = ZKHK2T4C5A;
				INFOPLIST_FILE = FeatureList/Info.plist;
				LD_RUNPATH_SEARCH_PATHS = (
					"$(inherited)",
					"@executable_path/Frameworks",
				);
				PRODUCT_BUNDLE_IDENTIFIER = PX.FeatureList;
				PRODUCT_NAME = "$(TARGET_NAME)";
				SWIFT_VERSION = 5.0;
				TARGETED_DEVICE_FAMILY = "1,2";
			};
			name = Release;
		};
/* End XCBuildConfiguration section */

/* Begin XCConfigurationList section */
		120C2A8025ADAEA50038AFF6 /* Build configuration list for PBXProject "FeatureList" */ = {
			isa = XCConfigurationList;
			buildConfigurations = (
				120C2A9725ADAEA60038AFF6 /* Debug */,
				120C2A9825ADAEA60038AFF6 /* Release */,
			);
			defaultConfigurationIsVisible = 0;
			defaultConfigurationName = Release;
		};
		120C2A9925ADAEA60038AFF6 /* Build configuration list for PBXNativeTarget "FeatureList" */ = {
			isa = XCConfigurationList;
			buildConfigurations = (
				120C2A9A25ADAEA60038AFF6 /* Debug */,
				120C2A9B25ADAEA60038AFF6 /* Release */,
			);
			defaultConfigurationIsVisible = 0;
			defaultConfigurationName = Release;
		};
/* End XCConfigurationList section */
	};
	rootObject = 120C2A7D25ADAEA50038AFF6 /* Project object */;
}
